// !$*UTF8*$!
{
	archiveVersion = 1;
	classes = {
	};
	objectVersion = 50;
	objects = {

/* Begin PBXBuildFile section */
		081ACEA525CA2FAC00C23B3C /* HomeViewController.swift in Sources */ = {isa = PBXBuildFile; fileRef = 081ACEA425CA2FAC00C23B3C /* HomeViewController.swift */; };
		081ACEAE25CB818400C23B3C /* QRCodeViewController.swift in Sources */ = {isa = PBXBuildFile; fileRef = 081ACEAD25CB818400C23B3C /* QRCodeViewController.swift */; };
		081ACEB125CB881700C23B3C /* PersonalViewController.swift in Sources */ = {isa = PBXBuildFile; fileRef = 081ACEB025CB881700C23B3C /* PersonalViewController.swift */; };
		081ACEB625CBE28300C23B3C /* CreateNewCardViewController.swift in Sources */ = {isa = PBXBuildFile; fileRef = 081ACEB525CBE28300C23B3C /* CreateNewCardViewController.swift */; };
		081ACEB925CBE30A00C23B3C /* IdentityManagementViewController.swift in Sources */ = {isa = PBXBuildFile; fileRef = 081ACEB825CBE30A00C23B3C /* IdentityManagementViewController.swift */; };
		081ACEC225D1151E00C23B3C /* Wallet.swift in Sources */ = {isa = PBXBuildFile; fileRef = 081ACEC125D1151E00C23B3C /* Wallet.swift */; };
		081ACEC625D1157B00C23B3C /* DIDBase.xcdatamodeld in Sources */ = {isa = PBXBuildFile; fileRef = 081ACEC425D1157B00C23B3C /* DIDBase.xcdatamodeld */; };
		0835E4EE25E5DA4E00149D68 /* DataShareManager.swift in Sources */ = {isa = PBXBuildFile; fileRef = 0835E4ED25E5DA4E00149D68 /* DataShareManager.swift */; };
		0835E4FE25E636F600149D68 /* CDWallet+CoreDataClass.swift in Sources */ = {isa = PBXBuildFile; fileRef = 0835E4FC25E636F600149D68 /* CDWallet+CoreDataClass.swift */; };
		0835E4FF25E636F600149D68 /* CDWallet+CoreDataProperties.swift in Sources */ = {isa = PBXBuildFile; fileRef = 0835E4FD25E636F600149D68 /* CDWallet+CoreDataProperties.swift */; };
		086DF7B125E8A4400068DC18 /* AccountDetailViewController.swift in Sources */ = {isa = PBXBuildFile; fileRef = 086DF7B025E8A4400068DC18 /* AccountDetailViewController.swift */; };
		086DF7B325E8DAAF0068DC18 /* CoreLocation.framework in Frameworks */ = {isa = PBXBuildFile; fileRef = 086DF7B225E8DAAF0068DC18 /* CoreLocation.framework */; };
		086DF7B725ECEA4C0068DC18 /* Utils.swift in Sources */ = {isa = PBXBuildFile; fileRef = 086DF7B625ECEA4C0068DC18 /* Utils.swift */; };
		086DF7BD25EF75610068DC18 /* Setting.swift in Sources */ = {isa = PBXBuildFile; fileRef = 086DF7BC25EF75610068DC18 /* Setting.swift */; };
		086DF7C825EF8A110068DC18 /* CDSetting+CoreDataClass.swift in Sources */ = {isa = PBXBuildFile; fileRef = 086DF7C625EF8A110068DC18 /* CDSetting+CoreDataClass.swift */; };
		086DF7C925EF8A110068DC18 /* CDSetting+CoreDataProperties.swift in Sources */ = {isa = PBXBuildFile; fileRef = 086DF7C725EF8A110068DC18 /* CDSetting+CoreDataProperties.swift */; };
		086DF7CB25F0BA0A0068DC18 /* LocalAuthentication.framework in Frameworks */ = {isa = PBXBuildFile; fileRef = 086DF7CA25F0BA0A0068DC18 /* LocalAuthentication.framework */; };
		086DF7CD25F0DA8F0068DC18 /* Security.framework in Frameworks */ = {isa = PBXBuildFile; fileRef = 086DF7CC25F0DA8F0068DC18 /* Security.framework */; };
		086DF7D525F1D7F40068DC18 /* KeychainWrapper.swift in Sources */ = {isa = PBXBuildFile; fileRef = 086DF7D425F1D7F40068DC18 /* KeychainWrapper.swift */; };
		086DF7D725F1D8290068DC18 /* KeychainItemAccessibility.swift in Sources */ = {isa = PBXBuildFile; fileRef = 086DF7D625F1D8290068DC18 /* KeychainItemAccessibility.swift */; };
		08C94BB925F6247C00A33AC4 /* SwiftyJSON.framework in Frameworks */ = {isa = PBXBuildFile; fileRef = 08CC9C3E25E0A79B00E07589 /* SwiftyJSON.framework */; };
		08CC9C4325E3BF0500E07589 /* iosLib.framework in Frameworks */ = {isa = PBXBuildFile; fileRef = 69EB0D4725CCF9910033B373 /* iosLib.framework */; };
		69694E1325C9124600309185 /* NewAccountViewController.swift in Sources */ = {isa = PBXBuildFile; fileRef = 69694E1225C9124600309185 /* NewAccountViewController.swift */; };
		69694E1725C9127400309185 /* CreateAccountViewController.swift in Sources */ = {isa = PBXBuildFile; fileRef = 69694E1625C9127400309185 /* CreateAccountViewController.swift */; };
		69694E1A25C912A200309185 /* BackUpViewController.swift in Sources */ = {isa = PBXBuildFile; fileRef = 69694E1925C912A200309185 /* BackUpViewController.swift */; };
		69694E1D25C912BC00309185 /* ImportViewController.swift in Sources */ = {isa = PBXBuildFile; fileRef = 69694E1C25C912BC00309185 /* ImportViewController.swift */; };
		69711D7525B7F47200B83E6C /* AppDelegate.swift in Sources */ = {isa = PBXBuildFile; fileRef = 69711D7425B7F47200B83E6C /* AppDelegate.swift */; };
		69711D7925B7F47200B83E6C /* ViewController.swift in Sources */ = {isa = PBXBuildFile; fileRef = 69711D7825B7F47200B83E6C /* ViewController.swift */; };
		69711D7C25B7F47200B83E6C /* Main.storyboard in Resources */ = {isa = PBXBuildFile; fileRef = 69711D7A25B7F47200B83E6C /* Main.storyboard */; };
		69711D7F25B7F47200B83E6C /* didCard.xcdatamodeld in Sources */ = {isa = PBXBuildFile; fileRef = 69711D7D25B7F47200B83E6C /* didCard.xcdatamodeld */; };
		69711D8125B7F47500B83E6C /* Assets.xcassets in Resources */ = {isa = PBXBuildFile; fileRef = 69711D8025B7F47500B83E6C /* Assets.xcassets */; };
		69711D8425B7F47500B83E6C /* LaunchScreen.storyboard in Resources */ = {isa = PBXBuildFile; fileRef = 69711D8225B7F47500B83E6C /* LaunchScreen.storyboard */; };
		69711D8D25B7F4C700B83E6C /* Cartfile in Resources */ = {isa = PBXBuildFile; fileRef = 69711D8C25B7F4C700B83E6C /* Cartfile */; };
/* End PBXBuildFile section */

/* Begin PBXFileReference section */
		081ACEA425CA2FAC00C23B3C /* HomeViewController.swift */ = {isa = PBXFileReference; lastKnownFileType = sourcecode.swift; path = HomeViewController.swift; sourceTree = "<group>"; };
		081ACEAD25CB818400C23B3C /* QRCodeViewController.swift */ = {isa = PBXFileReference; lastKnownFileType = sourcecode.swift; path = QRCodeViewController.swift; sourceTree = "<group>"; };
		081ACEB025CB881700C23B3C /* PersonalViewController.swift */ = {isa = PBXFileReference; lastKnownFileType = sourcecode.swift; path = PersonalViewController.swift; sourceTree = "<group>"; };
		081ACEB525CBE28300C23B3C /* CreateNewCardViewController.swift */ = {isa = PBXFileReference; lastKnownFileType = sourcecode.swift; path = CreateNewCardViewController.swift; sourceTree = "<group>"; };
		081ACEB825CBE30A00C23B3C /* IdentityManagementViewController.swift */ = {isa = PBXFileReference; lastKnownFileType = sourcecode.swift; path = IdentityManagementViewController.swift; sourceTree = "<group>"; };
		081ACEC125D1151E00C23B3C /* Wallet.swift */ = {isa = PBXFileReference; lastKnownFileType = sourcecode.swift; path = Wallet.swift; sourceTree = "<group>"; };
		081ACEC525D1157B00C23B3C /* DIDBase.xcdatamodel */ = {isa = PBXFileReference; lastKnownFileType = wrapper.xcdatamodel; path = DIDBase.xcdatamodel; sourceTree = "<group>"; };
		0835E4ED25E5DA4E00149D68 /* DataShareManager.swift */ = {isa = PBXFileReference; lastKnownFileType = sourcecode.swift; path = DataShareManager.swift; sourceTree = "<group>"; };
		0835E4FC25E636F600149D68 /* CDWallet+CoreDataClass.swift */ = {isa = PBXFileReference; lastKnownFileType = sourcecode.swift; path = "CDWallet+CoreDataClass.swift"; sourceTree = "<group>"; };
		0835E4FD25E636F600149D68 /* CDWallet+CoreDataProperties.swift */ = {isa = PBXFileReference; lastKnownFileType = sourcecode.swift; path = "CDWallet+CoreDataProperties.swift"; sourceTree = "<group>"; };
		0862235D25F5C96D0060113F /* didCard.entitlements */ = {isa = PBXFileReference; lastKnownFileType = text.plist.entitlements; path = didCard.entitlements; sourceTree = "<group>"; };
		086DF7B025E8A4400068DC18 /* AccountDetailViewController.swift */ = {isa = PBXFileReference; lastKnownFileType = sourcecode.swift; path = AccountDetailViewController.swift; sourceTree = "<group>"; };
		086DF7B225E8DAAF0068DC18 /* CoreLocation.framework */ = {isa = PBXFileReference; lastKnownFileType = wrapper.framework; name = CoreLocation.framework; path = System/Library/Frameworks/CoreLocation.framework; sourceTree = SDKROOT; };
		086DF7B625ECEA4C0068DC18 /* Utils.swift */ = {isa = PBXFileReference; lastKnownFileType = sourcecode.swift; path = Utils.swift; sourceTree = "<group>"; };
		086DF7BC25EF75610068DC18 /* Setting.swift */ = {isa = PBXFileReference; lastKnownFileType = sourcecode.swift; path = Setting.swift; sourceTree = "<group>"; };
		086DF7C625EF8A110068DC18 /* CDSetting+CoreDataClass.swift */ = {isa = PBXFileReference; lastKnownFileType = sourcecode.swift; path = "CDSetting+CoreDataClass.swift"; sourceTree = "<group>"; };
		086DF7C725EF8A110068DC18 /* CDSetting+CoreDataProperties.swift */ = {isa = PBXFileReference; lastKnownFileType = sourcecode.swift; path = "CDSetting+CoreDataProperties.swift"; sourceTree = "<group>"; };
		086DF7CA25F0BA0A0068DC18 /* LocalAuthentication.framework */ = {isa = PBXFileReference; lastKnownFileType = wrapper.framework; name = LocalAuthentication.framework; path = System/Library/Frameworks/LocalAuthentication.framework; sourceTree = SDKROOT; };
		086DF7CC25F0DA8F0068DC18 /* Security.framework */ = {isa = PBXFileReference; lastKnownFileType = wrapper.framework; name = Security.framework; path = System/Library/Frameworks/Security.framework; sourceTree = SDKROOT; };
		086DF7D425F1D7F40068DC18 /* KeychainWrapper.swift */ = {isa = PBXFileReference; lastKnownFileType = sourcecode.swift; path = KeychainWrapper.swift; sourceTree = "<group>"; };
		086DF7D625F1D8290068DC18 /* KeychainItemAccessibility.swift */ = {isa = PBXFileReference; lastKnownFileType = sourcecode.swift; path = KeychainItemAccessibility.swift; sourceTree = "<group>"; };
		08CC9C3E25E0A79B00E07589 /* SwiftyJSON.framework */ = {isa = PBXFileReference; lastKnownFileType = wrapper.framework; name = SwiftyJSON.framework; path = didCard/Carthage/Build/iOS/SwiftyJSON.framework; sourceTree = "<group>"; };
		69694E1225C9124600309185 /* NewAccountViewController.swift */ = {isa = PBXFileReference; lastKnownFileType = sourcecode.swift; path = NewAccountViewController.swift; sourceTree = "<group>"; };
		69694E1625C9127400309185 /* CreateAccountViewController.swift */ = {isa = PBXFileReference; lastKnownFileType = sourcecode.swift; path = CreateAccountViewController.swift; sourceTree = "<group>"; };
		69694E1925C912A200309185 /* BackUpViewController.swift */ = {isa = PBXFileReference; lastKnownFileType = sourcecode.swift; path = BackUpViewController.swift; sourceTree = "<group>"; };
		69694E1C25C912BC00309185 /* ImportViewController.swift */ = {isa = PBXFileReference; lastKnownFileType = sourcecode.swift; path = ImportViewController.swift; sourceTree = "<group>"; };
		69711D7125B7F47200B83E6C /* didCard.app */ = {isa = PBXFileReference; explicitFileType = wrapper.application; includeInIndex = 0; path = didCard.app; sourceTree = BUILT_PRODUCTS_DIR; };
		69711D7425B7F47200B83E6C /* AppDelegate.swift */ = {isa = PBXFileReference; lastKnownFileType = sourcecode.swift; path = AppDelegate.swift; sourceTree = "<group>"; };
		69711D7825B7F47200B83E6C /* ViewController.swift */ = {isa = PBXFileReference; lastKnownFileType = sourcecode.swift; path = ViewController.swift; sourceTree = "<group>"; };
		69711D7B25B7F47200B83E6C /* Base */ = {isa = PBXFileReference; lastKnownFileType = file.storyboard; name = Base; path = Base.lproj/Main.storyboard; sourceTree = "<group>"; };
		69711D7E25B7F47200B83E6C /* didCard.xcdatamodel */ = {isa = PBXFileReference; lastKnownFileType = wrapper.xcdatamodel; path = didCard.xcdatamodel; sourceTree = "<group>"; };
		69711D8025B7F47500B83E6C /* Assets.xcassets */ = {isa = PBXFileReference; lastKnownFileType = folder.assetcatalog; path = Assets.xcassets; sourceTree = "<group>"; };
		69711D8325B7F47500B83E6C /* Base */ = {isa = PBXFileReference; lastKnownFileType = file.storyboard; name = Base; path = Base.lproj/LaunchScreen.storyboard; sourceTree = "<group>"; };
		69711D8525B7F47500B83E6C /* Info.plist */ = {isa = PBXFileReference; lastKnownFileType = text.plist.xml; path = Info.plist; sourceTree = "<group>"; };
		69711D8C25B7F4C700B83E6C /* Cartfile */ = {isa = PBXFileReference; fileEncoding = 4; lastKnownFileType = text; name = Cartfile; path = didCard/Cartfile; sourceTree = "<group>"; };
		69EB0D4725CCF9910033B373 /* iosLib.framework */ = {isa = PBXFileReference; lastKnownFileType = wrapper.framework; name = iosLib.framework; path = didCard/bin/iosLib.framework; sourceTree = "<group>"; };
/* End PBXFileReference section */

/* Begin PBXFrameworksBuildPhase section */
		69711D6E25B7F47200B83E6C /* Frameworks */ = {
			isa = PBXFrameworksBuildPhase;
			buildActionMask = 2147483647;
			files = (
				086DF7CB25F0BA0A0068DC18 /* LocalAuthentication.framework in Frameworks */,
				086DF7CD25F0DA8F0068DC18 /* Security.framework in Frameworks */,
				086DF7B325E8DAAF0068DC18 /* CoreLocation.framework in Frameworks */,
				08CC9C4325E3BF0500E07589 /* iosLib.framework in Frameworks */,
				08C94BB925F6247C00A33AC4 /* SwiftyJSON.framework in Frameworks */,
			);
			runOnlyForDeploymentPostprocessing = 0;
		};
/* End PBXFrameworksBuildPhase section */

/* Begin PBXGroup section */
		081ACE9D25CA2D2E00C23B3C /* home */ = {
			isa = PBXGroup;
			children = (
				081ACEA425CA2FAC00C23B3C /* HomeViewController.swift */,
				081ACEAD25CB818400C23B3C /* QRCodeViewController.swift */,
			);
			path = home;
			sourceTree = "<group>";
		};
		081ACE9E25CA2D5600C23B3C /* personal */ = {
			isa = PBXGroup;
			children = (
				081ACEB025CB881700C23B3C /* PersonalViewController.swift */,
				081ACEB525CBE28300C23B3C /* CreateNewCardViewController.swift */,
				081ACEB825CBE30A00C23B3C /* IdentityManagementViewController.swift */,
				086DF7B025E8A4400068DC18 /* AccountDetailViewController.swift */,
			);
			path = personal;
			sourceTree = "<group>";
		};
		081ACEC825D115C900C23B3C /* utils */ = {
			isa = PBXGroup;
			children = (
				086DF7D125F1D7BF0068DC18 /* keychain */,
				086DF7C625EF8A110068DC18 /* CDSetting+CoreDataClass.swift */,
				086DF7C725EF8A110068DC18 /* CDSetting+CoreDataProperties.swift */,
				0835E4FC25E636F600149D68 /* CDWallet+CoreDataClass.swift */,
				0835E4FD25E636F600149D68 /* CDWallet+CoreDataProperties.swift */,
				081ACEC425D1157B00C23B3C /* DIDBase.xcdatamodeld */,
				081ACEC125D1151E00C23B3C /* Wallet.swift */,
				086DF7BC25EF75610068DC18 /* Setting.swift */,
				0835E4ED25E5DA4E00149D68 /* DataShareManager.swift */,
				086DF7B625ECEA4C0068DC18 /* Utils.swift */,
			);
			path = utils;
			sourceTree = "<group>";
		};
		086DF7D125F1D7BF0068DC18 /* keychain */ = {
			isa = PBXGroup;
			children = (
				086DF7D425F1D7F40068DC18 /* KeychainWrapper.swift */,
				086DF7D625F1D8290068DC18 /* KeychainItemAccessibility.swift */,
			);
			path = keychain;
			sourceTree = "<group>";
		};
		69694E1125C9120B00309185 /* account */ = {
			isa = PBXGroup;
			children = (
				69694E1225C9124600309185 /* NewAccountViewController.swift */,
				69694E1625C9127400309185 /* CreateAccountViewController.swift */,
				69694E1925C912A200309185 /* BackUpViewController.swift */,
				69694E1C25C912BC00309185 /* ImportViewController.swift */,
			);
			path = account;
			sourceTree = "<group>";
		};
		69711D6825B7F47200B83E6C = {
			isa = PBXGroup;
			children = (
				69711D8C25B7F4C700B83E6C /* Cartfile */,
				69711D7325B7F47200B83E6C /* didCard */,
				69711D7225B7F47200B83E6C /* Products */,
				69EB0D4625CCF9910033B373 /* Frameworks */,
			);
			sourceTree = "<group>";
		};
		69711D7225B7F47200B83E6C /* Products */ = {
			isa = PBXGroup;
			children = (
				69711D7125B7F47200B83E6C /* didCard.app */,
			);
			name = Products;
			sourceTree = "<group>";
		};
		69711D7325B7F47200B83E6C /* didCard */ = {
			isa = PBXGroup;
			children = (
				0862235D25F5C96D0060113F /* didCard.entitlements */,
				081ACEC825D115C900C23B3C /* utils */,
				081ACE9E25CA2D5600C23B3C /* personal */,
				081ACE9D25CA2D2E00C23B3C /* home */,
				69694E1125C9120B00309185 /* account */,
				69711D7425B7F47200B83E6C /* AppDelegate.swift */,
				69711D7825B7F47200B83E6C /* ViewController.swift */,
				69711D7A25B7F47200B83E6C /* Main.storyboard */,
				69711D8025B7F47500B83E6C /* Assets.xcassets */,
				69711D8225B7F47500B83E6C /* LaunchScreen.storyboard */,
				69711D8525B7F47500B83E6C /* Info.plist */,
				69711D7D25B7F47200B83E6C /* didCard.xcdatamodeld */,
			);
			path = didCard;
			sourceTree = "<group>";
		};
		69EB0D4625CCF9910033B373 /* Frameworks */ = {
			isa = PBXGroup;
			children = (
				086DF7CC25F0DA8F0068DC18 /* Security.framework */,
				086DF7CA25F0BA0A0068DC18 /* LocalAuthentication.framework */,
				086DF7B225E8DAAF0068DC18 /* CoreLocation.framework */,
				08CC9C3E25E0A79B00E07589 /* SwiftyJSON.framework */,
				69EB0D4725CCF9910033B373 /* iosLib.framework */,
			);
			name = Frameworks;
			sourceTree = "<group>";
		};
/* End PBXGroup section */

/* Begin PBXNativeTarget section */
		69711D7025B7F47200B83E6C /* didCard */ = {
			isa = PBXNativeTarget;
			buildConfigurationList = 69711D8825B7F47500B83E6C /* Build configuration list for PBXNativeTarget "didCard" */;
			buildPhases = (
				69711D6D25B7F47200B83E6C /* Sources */,
				69711D6E25B7F47200B83E6C /* Frameworks */,
				69711D6F25B7F47200B83E6C /* Resources */,
				08CC9C4225E0AC6500E07589 /* Carthage Copy Frameworks */,
			);
			buildRules = (
			);
			dependencies = (
			);
			name = didCard;
			productName = didCard;
			productReference = 69711D7125B7F47200B83E6C /* didCard.app */;
			productType = "com.apple.product-type.application";
		};
/* End PBXNativeTarget section */

/* Begin PBXProject section */
		69711D6925B7F47200B83E6C /* Project object */ = {
			isa = PBXProject;
			attributes = {
				LastSwiftUpdateCheck = 1230;
				LastUpgradeCheck = 1230;
				TargetAttributes = {
					69711D7025B7F47200B83E6C = {
						CreatedOnToolsVersion = 12.3;
					};
				};
			};
			buildConfigurationList = 69711D6C25B7F47200B83E6C /* Build configuration list for PBXProject "didCard" */;
			compatibilityVersion = "Xcode 9.3";
			developmentRegion = en;
			hasScannedForEncodings = 0;
			knownRegions = (
				en,
				Base,
			);
			mainGroup = 69711D6825B7F47200B83E6C;
			productRefGroup = 69711D7225B7F47200B83E6C /* Products */;
			projectDirPath = "";
			projectRoot = "";
			targets = (
				69711D7025B7F47200B83E6C /* didCard */,
			);
		};
/* End PBXProject section */

/* Begin PBXResourcesBuildPhase section */
		69711D6F25B7F47200B83E6C /* Resources */ = {
			isa = PBXResourcesBuildPhase;
			buildActionMask = 2147483647;
			files = (
				69711D8425B7F47500B83E6C /* LaunchScreen.storyboard in Resources */,
				69711D8125B7F47500B83E6C /* Assets.xcassets in Resources */,
				69711D8D25B7F4C700B83E6C /* Cartfile in Resources */,
				69711D7C25B7F47200B83E6C /* Main.storyboard in Resources */,
			);
			runOnlyForDeploymentPostprocessing = 0;
		};
/* End PBXResourcesBuildPhase section */

/* Begin PBXShellScriptBuildPhase section */
		08CC9C4225E0AC6500E07589 /* Carthage Copy Frameworks */ = {
			isa = PBXShellScriptBuildPhase;
			buildActionMask = 8;
			files = (
			);
			inputFileListPaths = (
			);
			inputPaths = (
				"$(SRCROOT)/didCard/Carthage/Build/iOS/MBProgressHUD.framework",
				"$(SRCROOT)/didCard/Carthage/Build/iOS/SwiftyJSON.framework",
			);
			name = "Carthage Copy Frameworks";
			outputFileListPaths = (
			);
			outputPaths = (
				"$(DERIVED_FILE_DIR)/$(FRAMEWORKS_FOLDER_PATH)/MBProgressHUD.framework",
				"$(DERIVED_FILE_DIR)/$(FRAMEWORKS_FOLDER_PATH)/SwiftyJSON.framework",
			);
			runOnlyForDeploymentPostprocessing = 1;
			shellPath = /bin/sh;
			shellScript = "# Type a script or drag a script file from your workspace to insert its path.\n/usr/local/bin/Carthage copy-frameworks\n";
		};
/* End PBXShellScriptBuildPhase section */

/* Begin PBXSourcesBuildPhase section */
		69711D6D25B7F47200B83E6C /* Sources */ = {
			isa = PBXSourcesBuildPhase;
			buildActionMask = 2147483647;
			files = (
				081ACEC625D1157B00C23B3C /* DIDBase.xcdatamodeld in Sources */,
				086DF7C925EF8A110068DC18 /* CDSetting+CoreDataProperties.swift in Sources */,
				081ACEC225D1151E00C23B3C /* Wallet.swift in Sources */,
				69694E1D25C912BC00309185 /* ImportViewController.swift in Sources */,
				081ACEB625CBE28300C23B3C /* CreateNewCardViewController.swift in Sources */,
				086DF7D725F1D8290068DC18 /* KeychainItemAccessibility.swift in Sources */,
				086DF7BD25EF75610068DC18 /* Setting.swift in Sources */,
				69694E1725C9127400309185 /* CreateAccountViewController.swift in Sources */,
				69711D7925B7F47200B83E6C /* ViewController.swift in Sources */,
				69694E1A25C912A200309185 /* BackUpViewController.swift in Sources */,
				081ACEAE25CB818400C23B3C /* QRCodeViewController.swift in Sources */,
				69711D7525B7F47200B83E6C /* AppDelegate.swift in Sources */,
				086DF7B125E8A4400068DC18 /* AccountDetailViewController.swift in Sources */,
				0835E4EE25E5DA4E00149D68 /* DataShareManager.swift in Sources */,
				081ACEA525CA2FAC00C23B3C /* HomeViewController.swift in Sources */,
				086DF7C825EF8A110068DC18 /* CDSetting+CoreDataClass.swift in Sources */,
				0835E4FF25E636F600149D68 /* CDWallet+CoreDataProperties.swift in Sources */,
				0835E4FE25E636F600149D68 /* CDWallet+CoreDataClass.swift in Sources */,
				081ACEB925CBE30A00C23B3C /* IdentityManagementViewController.swift in Sources */,
				69711D7F25B7F47200B83E6C /* didCard.xcdatamodeld in Sources */,
				69694E1325C9124600309185 /* NewAccountViewController.swift in Sources */,
				086DF7B725ECEA4C0068DC18 /* Utils.swift in Sources */,
				081ACEB125CB881700C23B3C /* PersonalViewController.swift in Sources */,
				086DF7D525F1D7F40068DC18 /* KeychainWrapper.swift in Sources */,
			);
			runOnlyForDeploymentPostprocessing = 0;
		};
/* End PBXSourcesBuildPhase section */

/* Begin PBXVariantGroup section */
		69711D7A25B7F47200B83E6C /* Main.storyboard */ = {
			isa = PBXVariantGroup;
			children = (
				69711D7B25B7F47200B83E6C /* Base */,
			);
			name = Main.storyboard;
			sourceTree = "<group>";
		};
		69711D8225B7F47500B83E6C /* LaunchScreen.storyboard */ = {
			isa = PBXVariantGroup;
			children = (
				69711D8325B7F47500B83E6C /* Base */,
			);
			name = LaunchScreen.storyboard;
			sourceTree = "<group>";
		};
/* End PBXVariantGroup section */

/* Begin XCBuildConfiguration section */
		69711D8625B7F47500B83E6C /* Debug */ = {
			isa = XCBuildConfiguration;
			buildSettings = {
				ALWAYS_SEARCH_USER_PATHS = NO;
				CLANG_ANALYZER_NONNULL = YES;
				CLANG_ANALYZER_NUMBER_OBJECT_CONVERSION = YES_AGGRESSIVE;
				CLANG_CXX_LANGUAGE_STANDARD = "gnu++14";
				CLANG_CXX_LIBRARY = "libc++";
				CLANG_ENABLE_MODULES = YES;
				CLANG_ENABLE_OBJC_ARC = YES;
				CLANG_ENABLE_OBJC_WEAK = YES;
				CLANG_WARN_BLOCK_CAPTURE_AUTORELEASING = YES;
				CLANG_WARN_BOOL_CONVERSION = YES;
				CLANG_WARN_COMMA = YES;
				CLANG_WARN_CONSTANT_CONVERSION = YES;
				CLANG_WARN_DEPRECATED_OBJC_IMPLEMENTATIONS = YES;
				CLANG_WARN_DIRECT_OBJC_ISA_USAGE = YES_ERROR;
				CLANG_WARN_DOCUMENTATION_COMMENTS = YES;
				CLANG_WARN_EMPTY_BODY = YES;
				CLANG_WARN_ENUM_CONVERSION = YES;
				CLANG_WARN_INFINITE_RECURSION = YES;
				CLANG_WARN_INT_CONVERSION = YES;
				CLANG_WARN_NON_LITERAL_NULL_CONVERSION = YES;
				CLANG_WARN_OBJC_IMPLICIT_RETAIN_SELF = YES;
				CLANG_WARN_OBJC_LITERAL_CONVERSION = YES;
				CLANG_WARN_OBJC_ROOT_CLASS = YES_ERROR;
				CLANG_WARN_QUOTED_INCLUDE_IN_FRAMEWORK_HEADER = YES;
				CLANG_WARN_RANGE_LOOP_ANALYSIS = YES;
				CLANG_WARN_STRICT_PROTOTYPES = YES;
				CLANG_WARN_SUSPICIOUS_MOVE = YES;
				CLANG_WARN_UNGUARDED_AVAILABILITY = YES_AGGRESSIVE;
				CLANG_WARN_UNREACHABLE_CODE = YES;
				CLANG_WARN__DUPLICATE_METHOD_MATCH = YES;
				COPY_PHASE_STRIP = NO;
				DEBUG_INFORMATION_FORMAT = dwarf;
				ENABLE_STRICT_OBJC_MSGSEND = YES;
				ENABLE_TESTABILITY = YES;
				GCC_C_LANGUAGE_STANDARD = gnu11;
				GCC_DYNAMIC_NO_PIC = NO;
				GCC_NO_COMMON_BLOCKS = YES;
				GCC_OPTIMIZATION_LEVEL = 0;
				GCC_PREPROCESSOR_DEFINITIONS = (
					"DEBUG=1",
					"$(inherited)",
				);
				GCC_WARN_64_TO_32_BIT_CONVERSION = YES;
				GCC_WARN_ABOUT_RETURN_TYPE = YES_ERROR;
				GCC_WARN_UNDECLARED_SELECTOR = YES;
				GCC_WARN_UNINITIALIZED_AUTOS = YES_AGGRESSIVE;
				GCC_WARN_UNUSED_FUNCTION = YES;
				GCC_WARN_UNUSED_VARIABLE = YES;
				IPHONEOS_DEPLOYMENT_TARGET = 14.3;
				MTL_ENABLE_DEBUG_INFO = INCLUDE_SOURCE;
				MTL_FAST_MATH = YES;
				ONLY_ACTIVE_ARCH = YES;
				SDKROOT = iphoneos;
				SWIFT_ACTIVE_COMPILATION_CONDITIONS = DEBUG;
				SWIFT_OPTIMIZATION_LEVEL = "-Onone";
			};
			name = Debug;
		};
		69711D8725B7F47500B83E6C /* Release */ = {
			isa = XCBuildConfiguration;
			buildSettings = {
				ALWAYS_SEARCH_USER_PATHS = NO;
				CLANG_ANALYZER_NONNULL = YES;
				CLANG_ANALYZER_NUMBER_OBJECT_CONVERSION = YES_AGGRESSIVE;
				CLANG_CXX_LANGUAGE_STANDARD = "gnu++14";
				CLANG_CXX_LIBRARY = "libc++";
				CLANG_ENABLE_MODULES = YES;
				CLANG_ENABLE_OBJC_ARC = YES;
				CLANG_ENABLE_OBJC_WEAK = YES;
				CLANG_WARN_BLOCK_CAPTURE_AUTORELEASING = YES;
				CLANG_WARN_BOOL_CONVERSION = YES;
				CLANG_WARN_COMMA = YES;
				CLANG_WARN_CONSTANT_CONVERSION = YES;
				CLANG_WARN_DEPRECATED_OBJC_IMPLEMENTATIONS = YES;
				CLANG_WARN_DIRECT_OBJC_ISA_USAGE = YES_ERROR;
				CLANG_WARN_DOCUMENTATION_COMMENTS = YES;
				CLANG_WARN_EMPTY_BODY = YES;
				CLANG_WARN_ENUM_CONVERSION = YES;
				CLANG_WARN_INFINITE_RECURSION = YES;
				CLANG_WARN_INT_CONVERSION = YES;
				CLANG_WARN_NON_LITERAL_NULL_CONVERSION = YES;
				CLANG_WARN_OBJC_IMPLICIT_RETAIN_SELF = YES;
				CLANG_WARN_OBJC_LITERAL_CONVERSION = YES;
				CLANG_WARN_OBJC_ROOT_CLASS = YES_ERROR;
				CLANG_WARN_QUOTED_INCLUDE_IN_FRAMEWORK_HEADER = YES;
				CLANG_WARN_RANGE_LOOP_ANALYSIS = YES;
				CLANG_WARN_STRICT_PROTOTYPES = YES;
				CLANG_WARN_SUSPICIOUS_MOVE = YES;
				CLANG_WARN_UNGUARDED_AVAILABILITY = YES_AGGRESSIVE;
				CLANG_WARN_UNREACHABLE_CODE = YES;
				CLANG_WARN__DUPLICATE_METHOD_MATCH = YES;
				COPY_PHASE_STRIP = NO;
				DEBUG_INFORMATION_FORMAT = "dwarf-with-dsym";
				ENABLE_NS_ASSERTIONS = NO;
				ENABLE_STRICT_OBJC_MSGSEND = YES;
				GCC_C_LANGUAGE_STANDARD = gnu11;
				GCC_NO_COMMON_BLOCKS = YES;
				GCC_WARN_64_TO_32_BIT_CONVERSION = YES;
				GCC_WARN_ABOUT_RETURN_TYPE = YES_ERROR;
				GCC_WARN_UNDECLARED_SELECTOR = YES;
				GCC_WARN_UNINITIALIZED_AUTOS = YES_AGGRESSIVE;
				GCC_WARN_UNUSED_FUNCTION = YES;
				GCC_WARN_UNUSED_VARIABLE = YES;
				IPHONEOS_DEPLOYMENT_TARGET = 14.3;
				MTL_ENABLE_DEBUG_INFO = NO;
				MTL_FAST_MATH = YES;
				SDKROOT = iphoneos;
				SWIFT_COMPILATION_MODE = wholemodule;
				SWIFT_OPTIMIZATION_LEVEL = "-O";
				VALIDATE_PRODUCT = YES;
			};
			name = Release;
		};
		69711D8925B7F47500B83E6C /* Debug */ = {
			isa = XCBuildConfiguration;
			buildSettings = {
				ASSETCATALOG_COMPILER_APPICON_NAME = AppIcon;
				ASSETCATALOG_COMPILER_GLOBAL_ACCENT_COLOR_NAME = AccentColor;
				CODE_SIGN_ENTITLEMENTS = didCard/didCard.entitlements;
				CODE_SIGN_IDENTITY = "Apple Development";
				CODE_SIGN_STYLE = Manual;
				CURRENT_PROJECT_VERSION = 2;
				DEVELOPMENT_TEAM = 2XYK8RBB6M;
				"EXCLUDED_SOURCE_FILE_NAMES[arch=*]" = "";
				FRAMEWORK_SEARCH_PATHS = (
					"$(inherited)",
					"$(PROJECT_DIR)/didCard/bin",
					"$(PROJECT_DIR)/didCard/Carthage/Build/iOS",
				);
				INFOPLIST_FILE = didCard/Info.plist;
				IPHONEOS_DEPLOYMENT_TARGET = 11.0;
				LD_RUNPATH_SEARCH_PATHS = (
					"$(inherited)",
					"@executable_path/Frameworks",
				);
				PRODUCT_BUNDLE_IDENTIFIER = com.didchain.didCard;
				PRODUCT_NAME = "$(TARGET_NAME)";
				PROVISIONING_PROFILE_SPECIFIER = dev_did_card;
				SWIFT_VERSION = 5.0;
				TARGETED_DEVICE_FAMILY = "1,2";
				VALIDATE_WORKSPACE = NO;
			};
			name = Debug;
		};
		69711D8A25B7F47500B83E6C /* Release */ = {
			isa = XCBuildConfiguration;
			buildSettings = {
				ASSETCATALOG_COMPILER_APPICON_NAME = AppIcon;
				ASSETCATALOG_COMPILER_GLOBAL_ACCENT_COLOR_NAME = AccentColor;
				CODE_SIGN_IDENTITY = "Apple Distribution";
				CODE_SIGN_STYLE = Manual;
				CURRENT_PROJECT_VERSION = 2;
				DEVELOPMENT_TEAM = 2XYK8RBB6M;
				FRAMEWORK_SEARCH_PATHS = (
					"$(inherited)",
					"$(PROJECT_DIR)/didCard/bin",
					"$(PROJECT_DIR)/didCard/Carthage/Build/iOS",
				);
				INFOPLIST_FILE = didCard/Info.plist;
				IPHONEOS_DEPLOYMENT_TARGET = 11.0;
				LD_RUNPATH_SEARCH_PATHS = (
					"$(inherited)",
					"@executable_path/Frameworks",
				);
				PRODUCT_BUNDLE_IDENTIFIER = com.didchain.didCard;
				PRODUCT_NAME = "$(TARGET_NAME)";
				PROVISIONING_PROFILE_SPECIFIER = release_did_chain_card;
				SWIFT_VERSION = 5.0;
				TARGETED_DEVICE_FAMILY = "1,2";
				VALIDATE_WORKSPACE = NO;
			};
			name = Release;
		};
/* End XCBuildConfiguration section */

/* Begin XCConfigurationList section */
		69711D6C25B7F47200B83E6C /* Build configuration list for PBXProject "didCard" */ = {
			isa = XCConfigurationList;
			buildConfigurations = (
				69711D8625B7F47500B83E6C /* Debug */,
				69711D8725B7F47500B83E6C /* Release */,
			);
			defaultConfigurationIsVisible = 0;
			defaultConfigurationName = Release;
		};
		69711D8825B7F47500B83E6C /* Build configuration list for PBXNativeTarget "didCard" */ = {
			isa = XCConfigurationList;
			buildConfigurations = (
				69711D8925B7F47500B83E6C /* Debug */,
				69711D8A25B7F47500B83E6C /* Release */,
			);
			defaultConfigurationIsVisible = 0;
			defaultConfigurationName = Release;
		};
/* End XCConfigurationList section */

/* Begin XCVersionGroup section */
		081ACEC425D1157B00C23B3C /* DIDBase.xcdatamodeld */ = {
			isa = XCVersionGroup;
			children = (
				081ACEC525D1157B00C23B3C /* DIDBase.xcdatamodel */,
			);
			currentVersion = 081ACEC525D1157B00C23B3C /* DIDBase.xcdatamodel */;
			path = DIDBase.xcdatamodeld;
			sourceTree = "<group>";
			versionGroupType = wrapper.xcdatamodel;
		};
		69711D7D25B7F47200B83E6C /* didCard.xcdatamodeld */ = {
			isa = XCVersionGroup;
			children = (
				69711D7E25B7F47200B83E6C /* didCard.xcdatamodel */,
			);
			currentVersion = 69711D7E25B7F47200B83E6C /* didCard.xcdatamodel */;
			path = didCard.xcdatamodeld;
			sourceTree = "<group>";
			versionGroupType = wrapper.xcdatamodel;
		};
/* End XCVersionGroup section */
	};
	rootObject = 69711D6925B7F47200B83E6C /* Project object */;
}
